
Microsoft Visual Studio Solution File, Format Version 12.00
# Visual Studio Version 17
VisualStudioVersion = 17.5.33103.201
MinimumVisualStudioVersion = 10.0.40219.1
Project("{8BC9CEB8-8B4A-11D0-8D11-00A0C91BC942}") = "HW34_C-base_r00_20230522", "HW34_C-base_r00_20230522.vcxproj", "{EADAC1EF-D8E9-47CE-B298-3D70FCD52D9E}"
EndProject
Global
	GlobalSection(SolutionConfigurationPlatforms) = preSolution
		Debug|x64 = Debug|x64
		Debug|x86 = Debug|x86
		Release|x64 = Release|x64
		Release|x86 = Release|x86
	EndGlobalSection
	GlobalSection(ProjectConfigurationPlatforms) = postSolution
		{EADAC1EF-D8E9-47CE-B298-3D70FCD52D9E}.Debug|x64.ActiveCfg = Debug|x64
		{EADAC1EF-D8E9-47CE-B298-3D70FCD52D9E}.Debug|x64.Build.0 = Debug|x64
		{EADAC1EF-D8E9-47CE-B298-3D70FCD52D9E}.Debug|x86.ActiveCfg = Debug|Win32
		{EADAC1EF-D8E9-47CE-B298-3D70FCD52D9E}.Debug|x86.Build.0 = Debug|Win32
		{EADAC1EF-D8E9-47CE-B298-3D70FCD52D9E}.Release|x64.ActiveCfg = Release|x64
		{EADAC1EF-D8E9-47CE-B298-3D70FCD52D9E}.Release|x64.Build.0 = Release|x64
		{EADAC1EF-D8E9-47CE-B298-3D70FCD52D9E}.Release|x86.ActiveCfg = Release|Win32
		{EADAC1EF-D8E9-47CE-B298-3D70FCD52D9E}.Release|x86.Build.0 = Release|Win32
	EndGlobalSection
	GlobalSection(SolutionProperties) = preSolution
		HideSolutionNode = FALSE
	EndGlobalSection
	GlobalSection(ExtensibilityGlobals) = postSolution
		SolutionGuid = {89279C8E-6C29-41C6-A333-E3308180FD1E}
	EndGlobalSection
EndGlobal
